// !$*UTF8*$!
{
	archiveVersion = 1;
	classes = {
	};
	objectVersion = 50;
	objects = {

/* Begin PBXBuildFile section */
		B5015E972245DE6700F2B48A /* AppDelegate.swift in Sources */ = {isa = PBXBuildFile; fileRef = B5015E962245DE6700F2B48A /* AppDelegate.swift */; };
		B5015E992245DE6700F2B48A /* ViewController.swift in Sources */ = {isa = PBXBuildFile; fileRef = B5015E982245DE6700F2B48A /* ViewController.swift */; };
		B5015E9C2245DE6700F2B48A /* Main.storyboard in Resources */ = {isa = PBXBuildFile; fileRef = B5015E9A2245DE6700F2B48A /* Main.storyboard */; };
		B5015E9F2245DE6700F2B48A /* ChartView.xcdatamodeld in Sources */ = {isa = PBXBuildFile; fileRef = B5015E9D2245DE6700F2B48A /* ChartView.xcdatamodeld */; };
		B5015EA12245DE6900F2B48A /* Assets.xcassets in Resources */ = {isa = PBXBuildFile; fileRef = B5015EA02245DE6900F2B48A /* Assets.xcassets */; };
		B5015EA42245DE6900F2B48A /* LaunchScreen.storyboard in Resources */ = {isa = PBXBuildFile; fileRef = B5015EA22245DE6900F2B48A /* LaunchScreen.storyboard */; };
		B5015EAD2245DE9700F2B48A /* ChartView.swift in Sources */ = {isa = PBXBuildFile; fileRef = B5015EAC2245DE9700F2B48A /* ChartView.swift */; };
/* End PBXBuildFile section */

/* Begin PBXFileReference section */
		B5015E932245DE6700F2B48A /* ChartView.app */ = {isa = PBXFileReference; explicitFileType = wrapper.application; includeInIndex = 0; path = ChartView.app; sourceTree = BUILT_PRODUCTS_DIR; };
		B5015E962245DE6700F2B48A /* AppDelegate.swift */ = {isa = PBXFileReference; lastKnownFileType = sourcecode.swift; path = AppDelegate.swift; sourceTree = "<group>"; };
		B5015E982245DE6700F2B48A /* ViewController.swift */ = {isa = PBXFileReference; lastKnownFileType = sourcecode.swift; path = ViewController.swift; sourceTree = "<group>"; };
		B5015E9B2245DE6700F2B48A /* Base */ = {isa = PBXFileReference; lastKnownFileType = file.storyboard; name = Base; path = Base.lproj/Main.storyboard; sourceTree = "<group>"; };
		B5015E9E2245DE6700F2B48A /* ChartView.xcdatamodel */ = {isa = PBXFileReference; lastKnownFileType = wrapper.xcdatamodel; path = ChartView.xcdatamodel; sourceTree = "<group>"; };
		B5015EA02245DE6900F2B48A /* Assets.xcassets */ = {isa = PBXFileReference; lastKnownFileType = folder.assetcatalog; path = Assets.xcassets; sourceTree = "<group>"; };
		B5015EA32245DE6900F2B48A /* Base */ = {isa = PBXFileReference; lastKnownFileType = file.storyboard; name = Base; path = Base.lproj/LaunchScreen.storyboard; sourceTree = "<group>"; };
		B5015EA52245DE6900F2B48A /* Info.plist */ = {isa = PBXFileReference; lastKnownFileType = text.plist.xml; path = Info.plist; sourceTree = "<group>"; };
		B5015EAC2245DE9700F2B48A /* ChartView.swift */ = {isa = PBXFileReference; lastKnownFileType = sourcecode.swift; path = ChartView.swift; sourceTree = "<group>"; };
/* End PBXFileReference section */

/* Begin PBXFrameworksBuildPhase section */
		B5015E902245DE6700F2B48A /* Frameworks */ = {
			isa = PBXFrameworksBuildPhase;
			buildActionMask = 2147483647;
			files = (
			);
			runOnlyForDeploymentPostprocessing = 0;
		};
/* End PBXFrameworksBuildPhase section */

/* Begin PBXGroup section */
		B5015E8A2245DE6700F2B48A = {
			isa = PBXGroup;
			children = (
				B5015E952245DE6700F2B48A /* ChartView */,
				B5015E942245DE6700F2B48A /* Products */,
			);
			sourceTree = "<group>";
		};
		B5015E942245DE6700F2B48A /* Products */ = {
			isa = PBXGroup;
			children = (
				B5015E932245DE6700F2B48A /* ChartView.app */,
			);
			name = Products;
			sourceTree = "<group>";
		};
		B5015E952245DE6700F2B48A /* ChartView */ = {
			isa = PBXGroup;
			children = (
				B5015EAB2245DE8500F2B48A /* Chart */,
				B5015E962245DE6700F2B48A /* AppDelegate.swift */,
				B5015E982245DE6700F2B48A /* ViewController.swift */,
				B5015E9A2245DE6700F2B48A /* Main.storyboard */,
				B5015EA02245DE6900F2B48A /* Assets.xcassets */,
				B5015EA22245DE6900F2B48A /* LaunchScreen.storyboard */,
				B5015EA52245DE6900F2B48A /* Info.plist */,
				B5015E9D2245DE6700F2B48A /* ChartView.xcdatamodeld */,
			);
			path = ChartView;
			sourceTree = "<group>";
		};
		B5015EAB2245DE8500F2B48A /* Chart */ = {
			isa = PBXGroup;
			children = (
				B5015EAC2245DE9700F2B48A /* ChartView.swift */,
			);
			path = Chart;
			sourceTree = "<group>";
		};
/* End PBXGroup section */

/* Begin PBXNativeTarget section */
		B5015E922245DE6700F2B48A /* ChartView */ = {
			isa = PBXNativeTarget;
			buildConfigurationList = B5015EA82245DE6900F2B48A /* Build configuration list for PBXNativeTarget "ChartView" */;
			buildPhases = (
				B5015E8F2245DE6700F2B48A /* Sources */,
				B5015E902245DE6700F2B48A /* Frameworks */,
				B5015E912245DE6700F2B48A /* Resources */,
			);
			buildRules = (
			);
			dependencies = (
			);
			name = ChartView;
			productName = ChartView;
			productReference = B5015E932245DE6700F2B48A /* ChartView.app */;
			productType = "com.apple.product-type.application";
		};
/* End PBXNativeTarget section */

/* Begin PBXProject section */
		B5015E8B2245DE6700F2B48A /* Project object */ = {
			isa = PBXProject;
			attributes = {
				LastSwiftUpdateCheck = 1010;
				LastUpgradeCheck = 1010;
				ORGANIZATIONNAME = swieeft;
				TargetAttributes = {
					B5015E922245DE6700F2B48A = {
						CreatedOnToolsVersion = 10.1;
					};
				};
			};
			buildConfigurationList = B5015E8E2245DE6700F2B48A /* Build configuration list for PBXProject "ChartView" */;
			compatibilityVersion = "Xcode 9.3";
			developmentRegion = en;
			hasScannedForEncodings = 0;
			knownRegions = (
				en,
				Base,
			);
			mainGroup = B5015E8A2245DE6700F2B48A;
			productRefGroup = B5015E942245DE6700F2B48A /* Products */;
			projectDirPath = "";
			projectRoot = "";
			targets = (
				B5015E922245DE6700F2B48A /* ChartView */,
			);
		};
/* End PBXProject section */

/* Begin PBXResourcesBuildPhase section */
		B5015E912245DE6700F2B48A /* Resources */ = {
			isa = PBXResourcesBuildPhase;
			buildActionMask = 2147483647;
			files = (
				B5015EA42245DE6900F2B48A /* LaunchScreen.storyboard in Resources */,
				B5015EA12245DE6900F2B48A /* Assets.xcassets in Resources */,
				B5015E9C2245DE6700F2B48A /* Main.storyboard in Resources */,
			);
			runOnlyForDeploymentPostprocessing = 0;
		};
/* End PBXResourcesBuildPhase section */

/* Begin PBXSourcesBuildPhase section */
		B5015E8F2245DE6700F2B48A /* Sources */ = {
			isa = PBXSourcesBuildPhase;
			buildActionMask = 2147483647;
			files = (
				B5015E9F2245DE6700F2B48A /* ChartView.xcdatamodeld in Sources */,
				B5015E992245DE6700F2B48A /* ViewController.swift in Sources */,
				B5015E972245DE6700F2B48A /* AppDelegate.swift in Sources */,
				B5015EAD2245DE9700F2B48A /* ChartView.swift in Sources */,
			);
			runOnlyForDeploymentPostprocessing = 0;
		};
/* End PBXSourcesBuildPhase section */

/* Begin PBXVariantGroup section */
		B5015E9A2245DE6700F2B48A /* Main.storyboard */ = {
			isa = PBXVariantGroup;
			children = (
				B5015E9B2245DE6700F2B48A /* Base */,
			);
			name = Main.storyboard;
			sourceTree = "<group>";
		};
		B5015EA22245DE6900F2B48A /* LaunchScreen.storyboard */ = {
			isa = PBXVariantGroup;
			children = (
				B5015EA32245DE6900F2B48A /* Base */,
			);
			name = LaunchScreen.storyboard;
			sourceTree = "<group>";
		};
/* End PBXVariantGroup section */

/* Begin XCBuildConfiguration section */
		B5015EA62245DE6900F2B48A /* Debug */ = {
			isa = XCBuildConfiguration;
			buildSettings = {
				ALWAYS_SEARCH_USER_PATHS = NO;
				CLANG_ANALYZER_NONNULL = YES;
				CLANG_ANALYZER_NUMBER_OBJECT_CONVERSION = YES_AGGRESSIVE;
				CLANG_CXX_LANGUAGE_STANDARD = "gnu++14";
				CLANG_CXX_LIBRARY = "libc++";
				CLANG_ENABLE_MODULES = YES;
				CLANG_ENABLE_OBJC_ARC = YES;
				CLANG_ENABLE_OBJC_WEAK = YES;
				CLANG_WARN_BLOCK_CAPTURE_AUTORELEASING = YES;
				CLANG_WARN_BOOL_CONVERSION = YES;
				CLANG_WARN_COMMA = YES;
				CLANG_WARN_CONSTANT_CONVERSION = YES;
				CLANG_WARN_DEPRECATED_OBJC_IMPLEMENTATIONS = YES;
				CLANG_WARN_DIRECT_OBJC_ISA_USAGE = YES_ERROR;
				CLANG_WARN_DOCUMENTATION_COMMENTS = YES;
				CLANG_WARN_EMPTY_BODY = YES;
				CLANG_WARN_ENUM_CONVERSION = YES;
				CLANG_WARN_INFINITE_RECURSION = YES;
				CLANG_WARN_INT_CONVERSION = YES;
				CLANG_WARN_NON_LITERAL_NULL_CONVERSION = YES;
				CLANG_WARN_OBJC_IMPLICIT_RETAIN_SELF = YES;
				CLANG_WARN_OBJC_LITERAL_CONVERSION = YES;
				CLANG_WARN_OBJC_ROOT_CLASS = YES_ERROR;
				CLANG_WARN_RANGE_LOOP_ANALYSIS = YES;
				CLANG_WARN_STRICT_PROTOTYPES = YES;
				CLANG_WARN_SUSPICIOUS_MOVE = YES;
				CLANG_WARN_UNGUARDED_AVAILABILITY = YES_AGGRESSIVE;
				CLANG_WARN_UNREACHABLE_CODE = YES;
				CLANG_WARN__DUPLICATE_METHOD_MATCH = YES;
				CODE_SIGN_IDENTITY = "iPhone Developer";
				COPY_PHASE_STRIP = NO;
				DEBUG_INFORMATION_FORMAT = dwarf;
				ENABLE_STRICT_OBJC_MSGSEND = YES;
				ENABLE_TESTABILITY = YES;
				GCC_C_LANGUAGE_STANDARD = gnu11;
				GCC_DYNAMIC_NO_PIC = NO;
				GCC_NO_COMMON_BLOCKS = YES;
				GCC_OPTIMIZATION_LEVEL = 0;
				GCC_PREPROCESSOR_DEFINITIONS = (
					"DEBUG=1",
					"$(inherited)",
				);
				GCC_WARN_64_TO_32_BIT_CONVERSION = YES;
				GCC_WARN_ABOUT_RETURN_TYPE = YES_ERROR;
				GCC_WARN_UNDECLARED_SELECTOR = YES;
				GCC_WARN_UNINITIALIZED_AUTOS = YES_AGGRESSIVE;
				GCC_WARN_UNUSED_FUNCTION = YES;
				GCC_WARN_UNUSED_VARIABLE = YES;
				IPHONEOS_DEPLOYMENT_TARGET = 12.1;
				MTL_ENABLE_DEBUG_INFO = INCLUDE_SOURCE;
				MTL_FAST_MATH = YES;
				ONLY_ACTIVE_ARCH = YES;
				SDKROOT = iphoneos;
				SWIFT_ACTIVE_COMPILATION_CONDITIONS = DEBUG;
				SWIFT_OPTIMIZATION_LEVEL = "-Onone";
			};
			name = Debug;
		};
		B5015EA72245DE6900F2B48A /* Release */ = {
			isa = XCBuildConfiguration;
			buildSettings = {
				ALWAYS_SEARCH_USER_PATHS = NO;
				CLANG_ANALYZER_NONNULL = YES;
				CLANG_ANALYZER_NUMBER_OBJECT_CONVERSION = YES_AGGRESSIVE;
				CLANG_CXX_LANGUAGE_STANDARD = "gnu++14";
				CLANG_CXX_LIBRARY = "libc++";
				CLANG_ENABLE_MODULES = YES;
				CLANG_ENABLE_OBJC_ARC = YES;
				CLANG_ENABLE_OBJC_WEAK = YES;
				CLANG_WARN_BLOCK_CAPTURE_AUTORELEASING = YES;
				CLANG_WARN_BOOL_CONVERSION = YES;
				CLANG_WARN_COMMA = YES;
				CLANG_WARN_CONSTANT_CONVERSION = YES;
				CLANG_WARN_DEPRECATED_OBJC_IMPLEMENTATIONS = YES;
				CLANG_WARN_DIRECT_OBJC_ISA_USAGE = YES_ERROR;
				CLANG_WARN_DOCUMENTATION_COMMENTS = YES;
				CLANG_WARN_EMPTY_BODY = YES;
				CLANG_WARN_ENUM_CONVERSION = YES;
				CLANG_WARN_INFINITE_RECURSION = YES;
				CLANG_WARN_INT_CONVERSION = YES;
				CLANG_WARN_NON_LITERAL_NULL_CONVERSION = YES;
				CLANG_WARN_OBJC_IMPLICIT_RETAIN_SELF = YES;
				CLANG_WARN_OBJC_LITERAL_CONVERSION = YES;
				CLANG_WARN_OBJC_ROOT_CLASS = YES_ERROR;
				CLANG_WARN_RANGE_LOOP_ANALYSIS = YES;
				CLANG_WARN_STRICT_PROTOTYPES = YES;
				CLANG_WARN_SUSPICIOUS_MOVE = YES;
				CLANG_WARN_UNGUARDED_AVAILABILITY = YES_AGGRESSIVE;
				CLANG_WARN_UNREACHABLE_CODE = YES;
				CLANG_WARN__DUPLICATE_METHOD_MATCH = YES;
				CODE_SIGN_IDENTITY = "iPhone Developer";
				COPY_PHASE_STRIP = NO;
				DEBUG_INFORMATION_FORMAT = "dwarf-with-dsym";
				ENABLE_NS_ASSERTIONS = NO;
				ENABLE_STRICT_OBJC_MSGSEND = YES;
				GCC_C_LANGUAGE_STANDARD = gnu11;
				GCC_NO_COMMON_BLOCKS = YES;
				GCC_WARN_64_TO_32_BIT_CONVERSION = YES;
				GCC_WARN_ABOUT_RETURN_TYPE = YES_ERROR;
				GCC_WARN_UNDECLARED_SELECTOR = YES;
				GCC_WARN_UNINITIALIZED_AUTOS = YES_AGGRESSIVE;
				GCC_WARN_UNUSED_FUNCTION = YES;
				GCC_WARN_UNUSED_VARIABLE = YES;
				IPHONEOS_DEPLOYMENT_TARGET = 12.1;
				MTL_ENABLE_DEBUG_INFO = NO;
				MTL_FAST_MATH = YES;
				SDKROOT = iphoneos;
				SWIFT_COMPILATION_MODE = wholemodule;
				SWIFT_OPTIMIZATION_LEVEL = "-O";
				VALIDATE_PRODUCT = YES;
			};
			name = Release;
		};
		B5015EA92245DE6900F2B48A /* Debug */ = {
			isa = XCBuildConfiguration;
			buildSettings = {
				ASSETCATALOG_COMPILER_APPICON_NAME = AppIcon;
				CODE_SIGN_STYLE = Automatic;
				INFOPLIST_FILE = ChartView/Info.plist;
				LD_RUNPATH_SEARCH_PATHS = (
					"$(inherited)",
					"@executable_path/Frameworks",
				);
				PRODUCT_BUNDLE_IDENTIFIER = swieeft.ChartView;
				PRODUCT_NAME = "$(TARGET_NAME)";
				SWIFT_VERSION = 4.2;
				TARGETED_DEVICE_FAMILY = "1,2";
			};
			name = Debug;
		};
		B5015EAA2245DE6900F2B48A /* Release */ = {
			isa = XCBuildConfiguration;
			buildSettings = {
				ASSETCATALOG_COMPILER_APPICON_NAME = AppIcon;
				CODE_SIGN_STYLE = Automatic;
				INFOPLIST_FILE = ChartView/Info.plist;
				LD_RUNPATH_SEARCH_PATHS = (
					"$(inherited)",
					"@executable_path/Frameworks",
				);
				PRODUCT_BUNDLE_IDENTIFIER = swieeft.ChartView;
				PRODUCT_NAME = "$(TARGET_NAME)";
				SWIFT_VERSION = 4.2;
				TARGETED_DEVICE_FAMILY = "1,2";
			};
			name = Release;
		};
/* End XCBuildConfiguration section */

/* Begin XCConfigurationList section */
		B5015E8E2245DE6700F2B48A /* Build configuration list for PBXProject "ChartView" */ = {
			isa = XCConfigurationList;
			buildConfigurations = (
				B5015EA62245DE6900F2B48A /* Debug */,
				B5015EA72245DE6900F2B48A /* Release */,
			);
			defaultConfigurationIsVisible = 0;
			defaultConfigurationName = Release;
		};
		B5015EA82245DE6900F2B48A /* Build configuration list for PBXNativeTarget "ChartView" */ = {
			isa = XCConfigurationList;
			buildConfigurations = (
				B5015EA92245DE6900F2B48A /* Debug */,
				B5015EAA2245DE6900F2B48A /* Release */,
			);
			defaultConfigurationIsVisible = 0;
			defaultConfigurationName = Release;
		};
/* End XCConfigurationList section */

/* Begin XCVersionGroup section */
		B5015E9D2245DE6700F2B48A /* ChartView.xcdatamodeld */ = {
			isa = XCVersionGroup;
			children = (
				B5015E9E2245DE6700F2B48A /* ChartView.xcdatamodel */,
			);
			currentVersion = B5015E9E2245DE6700F2B48A /* ChartView.xcdatamodel */;
			path = ChartView.xcdatamodeld;
			sourceTree = "<group>";
			versionGroupType = wrapper.xcdatamodel;
		};
/* End XCVersionGroup section */
	};
	rootObject = B5015E8B2245DE6700F2B48A /* Project object */;
}
